Microsoft Visual Studio Solution File, Format Version 12.00
# Visual Studio Version 17
VisualStudioVersion = 17.5.2.0
MinimumVisualStudioVersion = 10.0.40219.1
Project("{FAE04EC0-301F-11D3-BF4B-00C04F79EFBC}") = "PromptGuard", "PromptGuard/PromptGuard.csproj", "{8E5466F3-226F-8E82-3D00-EB02411305F3}"
EndProject
Global
	GlobalSection(SolutionConfigurationPlatforms) = preSolution
		Debug|Any CPU = Debug|Any CPU
		Release|Any CPU = Release|Any CPU
	EndGlobalSection
	GlobalSection(ProjectConfigurationPlatforms) = postSolution
		{8E5466F3-226F-8E82-3D00-EB02411305F3}.Debug|Any CPU.ActiveCfg = Debug|Any CPU
		{8E5466F3-226F-8E82-3D00-EB02411305F3}.Debug|Any CPU.Build.0 = Debug|Any CPU
		{8E5466F3-226F-8E82-3D00-EB02411305F3}.Release|Any CPU.ActiveCfg = Release|Any CPU
		{8E5466F3-226F-8E82-3D00-EB02411305F3}.Release|Any CPU.Build.0 = Release|Any CPU
	EndGlobalSection
	GlobalSection(SolutionProperties) = preSolution
		HideSolutionNode = FALSE
	EndGlobalSection
	GlobalSection(ExtensibilityGlobals) = postSolution
		SolutionGuid = {0D133F0F-AD1A-44BA-9695-81B49EC4A1D3}
	EndGlobalSection
EndGlobal
